
Microsoft Visual Studio Solution File, Format Version 12.00
# Visual Studio Version 17
VisualStudioVersion = 17.13.35825.156 d17.13
MinimumVisualStudioVersion = 10.0.40219.1
Project("{FAE04EC0-301F-11D3-BF4B-00C04F79EFBC}") = "Projekt", "Projekt\Projekt.csproj", "{C0FB08AC-B2DA-4C5C-B003-7C4DD569DFFC}"
EndProject
Global
	GlobalSection(SolutionConfigurationPlatforms) = preSolution
		Debug|Any CPU = Debug|Any CPU
		Release|Any CPU = Release|Any CPU
	EndGlobalSection
	GlobalSection(ProjectConfigurationPlatforms) = postSolution
		{C0FB08AC-B2DA-4C5C-B003-7C4DD569DFFC}.Debug|Any CPU.ActiveCfg = Debug|Any CPU
		{C0FB08AC-B2DA-4C5C-B003-7C4DD569DFFC}.Debug|Any CPU.Build.0 = Debug|Any CPU
		{C0FB08AC-B2DA-4C5C-B003-7C4DD569DFFC}.Release|Any CPU.ActiveCfg = Release|Any CPU
		{C0FB08AC-B2DA-4C5C-B003-7C4DD569DFFC}.Release|Any CPU.Build.0 = Release|Any CPU
	EndGlobalSection
	GlobalSection(SolutionProperties) = preSolution
		HideSolutionNode = FALSE
	EndGlobalSection
	GlobalSection(ExtensibilityGlobals) = postSolution
		SolutionGuid = {21FD3FC9-0F35-4920-A249-85156DC23751}
	EndGlobalSection
EndGlobal
